
Microsoft Visual Studio Solution File, Format Version 12.00
# Visual Studio Version 17
VisualStudioVersion = 17.14.36414.22
MinimumVisualStudioVersion = 10.0.40219.1
Project("{FAE04EC0-301F-11D3-BF4B-00C04F79EFBC}") = "PracticeLogger", "PracticeLogger.csproj", "{EC7F707E-BDC3-4BD3-B57C-7437447983ED}"
EndProject
Project("{FAE04EC0-301F-11D3-BF4B-00C04F79EFBC}") = "PracticeLogger.Client", "..\PracticeLogger.Client\PracticeLogger.Client.csproj", "{4A8DF69F-DD48-4B71-AA89-AD4887675720}"
EndProject
Global
	GlobalSection(SolutionConfigurationPlatforms) = preSolution
		Debug|Any CPU = Debug|Any CPU
		Release|Any CPU = Release|Any CPU
	EndGlobalSection
	GlobalSection(ProjectConfigurationPlatforms) = postSolution
		{EC7F707E-BDC3-4BD3-B57C-7437447983ED}.Debug|Any CPU.ActiveCfg = Debug|Any CPU
		{EC7F707E-BDC3-4BD3-B57C-7437447983ED}.Debug|Any CPU.Build.0 = Debug|Any CPU
		{EC7F707E-BDC3-4BD3-B57C-7437447983ED}.Release|Any CPU.ActiveCfg = Release|Any CPU
		{EC7F707E-BDC3-4BD3-B57C-7437447983ED}.Release|Any CPU.Build.0 = Release|Any CPU
		{4A8DF69F-DD48-4B71-AA89-AD4887675720}.Debug|Any CPU.ActiveCfg = Debug|Any CPU
		{4A8DF69F-DD48-4B71-AA89-AD4887675720}.Debug|Any CPU.Build.0 = Debug|Any CPU
		{4A8DF69F-DD48-4B71-AA89-AD4887675720}.Release|Any CPU.ActiveCfg = Release|Any CPU
		{4A8DF69F-DD48-4B71-AA89-AD4887675720}.Release|Any CPU.Build.0 = Release|Any CPU
	EndGlobalSection
	GlobalSection(SolutionProperties) = preSolution
		HideSolutionNode = FALSE
	EndGlobalSection
	GlobalSection(ExtensibilityGlobals) = postSolution
		SolutionGuid = {9BDD7267-7CEB-4A31-8A1C-67D4458A5A40}
	EndGlobalSection
EndGlobal
